
Microsoft Visual Studio Solution File, Format Version 12.00
# Visual Studio Version 17
VisualStudioVersion = 17.1.32421.90
MinimumVisualStudioVersion = 10.0.40219.1
Project("{FAE04EC0-301F-11D3-BF4B-00C04F79EFBC}") = "GMIS - Assignment 3", "GMIS - Assignment 03\GMIS - Assignment 3.csproj", "{CF3B668C-36AC-4FF9-B8F9-1F1E9C38B38A}"
EndProject
Global
	GlobalSection(SolutionConfigurationPlatforms) = preSolution
		Debug|Any CPU = Debug|Any CPU
		Release|Any CPU = Release|Any CPU
	EndGlobalSection
	GlobalSection(ProjectConfigurationPlatforms) = postSolution
		{CF3B668C-36AC-4FF9-B8F9-1F1E9C38B38A}.Debug|Any CPU.ActiveCfg = Debug|Any CPU
		{CF3B668C-36AC-4FF9-B8F9-1F1E9C38B38A}.Debug|Any CPU.Build.0 = Debug|Any CPU
		{CF3B668C-36AC-4FF9-B8F9-1F1E9C38B38A}.Release|Any CPU.ActiveCfg = Release|Any CPU
		{CF3B668C-36AC-4FF9-B8F9-1F1E9C38B38A}.Release|Any CPU.Build.0 = Release|Any CPU
	EndGlobalSection
	GlobalSection(SolutionProperties) = preSolution
		HideSolutionNode = FALSE
	EndGlobalSection
	GlobalSection(ExtensibilityGlobals) = postSolution
		SolutionGuid = {D532C4EC-6C28-4AB7-AAAA-7DA845C2C1EA}
	EndGlobalSection
EndGlobal
